// !$*UTF8*$!
{
	archiveVersion = 1;
	classes = {
	};
	objectVersion = 45;
	objects = {

/* Begin PBXBuildFile section */
		3199A2E90E474FCB0036567F /* IconFamily.m in Sources */ = {isa = PBXBuildFile; fileRef = 3199A2E80E474FCB0036567F /* IconFamily.m */; };
		3199A2EC0E474FD40036567F /* NSString+CarbonFSRefCreation.m in Sources */ = {isa = PBXBuildFile; fileRef = 3199A2EB0E474FD40036567F /* NSString+CarbonFSRefCreation.m */; };
		3199A2EE0E474FEE0036567F /* Cocoa.framework in Frameworks */ = {isa = PBXBuildFile; fileRef = 3199A2ED0E474FEE0036567F /* Cocoa.framework */; };
		3199A2F60E4750200036567F /* IconFamily.m in Sources */ = {isa = PBXBuildFile; fileRef = 3199A2E80E474FCB0036567F /* IconFamily.m */; };
		3199A2F70E4750200036567F /* NSString+CarbonFSRefCreation.m in Sources */ = {isa = PBXBuildFile; fileRef = 3199A2EB0E474FD40036567F /* NSString+CarbonFSRefCreation.m */; };
		3199A2F90E4750200036567F /* Cocoa.framework in Frameworks */ = {isa = PBXBuildFile; fileRef = 3199A2ED0E474FEE0036567F /* Cocoa.framework */; };
		3199A2FB0E4750200036567F /* icns-pasteboard.1 in CopyFiles */ = {isa = PBXBuildFile; fileRef = C6859EA3029092ED04C91782 /* icns-pasteboard.1 */; };
		3199A3020E47502C0036567F /* icns-copy.m in Sources */ = {isa = PBXBuildFile; fileRef = 3199A3010E47502C0036567F /* icns-copy.m */; };
		3199A3040E4750330036567F /* icns-paste.m in Sources */ = {isa = PBXBuildFile; fileRef = 3199A3030E4750330036567F /* icns-paste.m */; };
		8DD76F9F0486AA7600D96B5E /* icns-pasteboard.1 in CopyFiles */ = {isa = PBXBuildFile; fileRef = C6859EA3029092ED04C91782 /* icns-pasteboard.1 */; };
/* End PBXBuildFile section */

/* Begin PBXCopyFilesBuildPhase section */
		3199A2FA0E4750200036567F /* CopyFiles */ = {
			isa = PBXCopyFilesBuildPhase;
			buildActionMask = 8;
			dstPath = /usr/share/man/man1/;
			dstSubfolderSpec = 0;
			files = (
				3199A2FB0E4750200036567F /* icns-pasteboard.1 in CopyFiles */,
			);
			runOnlyForDeploymentPostprocessing = 1;
		};
		8DD76F9E0486AA7600D96B5E /* CopyFiles */ = {
			isa = PBXCopyFilesBuildPhase;
			buildActionMask = 8;
			dstPath = /usr/share/man/man1/;
			dstSubfolderSpec = 0;
			files = (
				8DD76F9F0486AA7600D96B5E /* icns-pasteboard.1 in CopyFiles */,
			);
			runOnlyForDeploymentPostprocessing = 1;
		};
/* End PBXCopyFilesBuildPhase section */

/* Begin PBXFileReference section */
		08FB779EFE84155DC02AAC07 /* Foundation.framework */ = {isa = PBXFileReference; lastKnownFileType = wrapper.framework; name = Foundation.framework; path = /System/Library/Frameworks/Foundation.framework; sourceTree = "<absolute>"; };
		3199A2E70E474FCB0036567F /* IconFamily.h */ = {isa = PBXFileReference; fileEncoding = 4; lastKnownFileType = sourcecode.c.h; name = IconFamily.h; path = ../MakeThumbnail/IconFamily.h; sourceTree = SOURCE_ROOT; };
		3199A2E80E474FCB0036567F /* IconFamily.m */ = {isa = PBXFileReference; fileEncoding = 4; lastKnownFileType = sourcecode.c.objc; name = IconFamily.m; path = ../MakeThumbnail/IconFamily.m; sourceTree = SOURCE_ROOT; };
		3199A2EA0E474FD40036567F /* NSString+CarbonFSRefCreation.h */ = {isa = PBXFileReference; fileEncoding = 4; lastKnownFileType = sourcecode.c.h; name = "NSString+CarbonFSRefCreation.h"; path = "../MakeThumbnail/NSString+CarbonFSRefCreation.h"; sourceTree = SOURCE_ROOT; };
		3199A2EB0E474FD40036567F /* NSString+CarbonFSRefCreation.m */ = {isa = PBXFileReference; fileEncoding = 4; lastKnownFileType = sourcecode.c.objc; name = "NSString+CarbonFSRefCreation.m"; path = "../MakeThumbnail/NSString+CarbonFSRefCreation.m"; sourceTree = SOURCE_ROOT; };
		3199A2ED0E474FEE0036567F /* Cocoa.framework */ = {isa = PBXFileReference; lastKnownFileType = wrapper.framework; name = Cocoa.framework; path = System/Library/Frameworks/Cocoa.framework; sourceTree = SDKROOT; };
		3199A2FF0E4750200036567F /* icns-paste */ = {isa = PBXFileReference; explicitFileType = "compiled.mach-o.executable"; includeInIndex = 0; path = "icns-paste"; sourceTree = BUILT_PRODUCTS_DIR; };
		3199A3010E47502C0036567F /* icns-copy.m */ = {isa = PBXFileReference; fileEncoding = 4; lastKnownFileType = sourcecode.c.objc; path = "icns-copy.m"; sourceTree = SOURCE_ROOT; };
		3199A3030E4750330036567F /* icns-paste.m */ = {isa = PBXFileReference; fileEncoding = 4; lastKnownFileType = sourcecode.c.objc; path = "icns-paste.m"; sourceTree = SOURCE_ROOT; };
		32A70AAB03705E1F00C91783 /* icns-pasteboard_Prefix.pch */ = {isa = PBXFileReference; fileEncoding = 4; lastKnownFileType = sourcecode.c.h; path = "icns-pasteboard_Prefix.pch"; sourceTree = "<group>"; };
		8DD76FA10486AA7600D96B5E /* icns-copy */ = {isa = PBXFileReference; explicitFileType = "compiled.mach-o.executable"; includeInIndex = 0; path = "icns-copy"; sourceTree = BUILT_PRODUCTS_DIR; };
		C6859EA3029092ED04C91782 /* icns-pasteboard.1 */ = {isa = PBXFileReference; lastKnownFileType = text.man; path = "icns-pasteboard.1"; sourceTree = "<group>"; };
/* End PBXFileReference section */

/* Begin PBXFrameworksBuildPhase section */
		3199A2F80E4750200036567F /* Frameworks */ = {
			isa = PBXFrameworksBuildPhase;
			buildActionMask = 2147483647;
			files = (
				3199A2F90E4750200036567F /* Cocoa.framework in Frameworks */,
			);
			runOnlyForDeploymentPostprocessing = 0;
		};
		8DD76F9B0486AA7600D96B5E /* Frameworks */ = {
			isa = PBXFrameworksBuildPhase;
			buildActionMask = 2147483647;
			files = (
				3199A2EE0E474FEE0036567F /* Cocoa.framework in Frameworks */,
			);
			runOnlyForDeploymentPostprocessing = 0;
		};
/* End PBXFrameworksBuildPhase section */

/* Begin PBXGroup section */
		08FB7794FE84155DC02AAC07 /* icns-pasteboard */ = {
			isa = PBXGroup;
			children = (
				08FB7795FE84155DC02AAC07 /* Source */,
				C6859EA2029092E104C91782 /* Documentation */,
				08FB779DFE84155DC02AAC07 /* External Frameworks and Libraries */,
				1AB674ADFE9D54B511CA2CBB /* Products */,
			);
			name = "icns-pasteboard";
			sourceTree = "<group>";
		};
		08FB7795FE84155DC02AAC07 /* Source */ = {
			isa = PBXGroup;
			children = (
				32A70AAB03705E1F00C91783 /* icns-pasteboard_Prefix.pch */,
				3199A2E70E474FCB0036567F /* IconFamily.h */,
				3199A2E80E474FCB0036567F /* IconFamily.m */,
				3199A2EA0E474FD40036567F /* NSString+CarbonFSRefCreation.h */,
				3199A2EB0E474FD40036567F /* NSString+CarbonFSRefCreation.m */,
				3199A3010E47502C0036567F /* icns-copy.m */,
				3199A3030E4750330036567F /* icns-paste.m */,
			);
			name = Source;
			sourceTree = "<group>";
		};
		08FB779DFE84155DC02AAC07 /* External Frameworks and Libraries */ = {
			isa = PBXGroup;
			children = (
				08FB779EFE84155DC02AAC07 /* Foundation.framework */,
				3199A2ED0E474FEE0036567F /* Cocoa.framework */,
			);
			name = "External Frameworks and Libraries";
			sourceTree = "<group>";
		};
		1AB674ADFE9D54B511CA2CBB /* Products */ = {
			isa = PBXGroup;
			children = (
				8DD76FA10486AA7600D96B5E /* icns-copy */,
				3199A2FF0E4750200036567F /* icns-paste */,
			);
			name = Products;
			sourceTree = "<group>";
		};
		C6859EA2029092E104C91782 /* Documentation */ = {
			isa = PBXGroup;
			children = (
				C6859EA3029092ED04C91782 /* icns-pasteboard.1 */,
			);
			name = Documentation;
			sourceTree = "<group>";
		};
/* End PBXGroup section */

/* Begin PBXNativeTarget section */
		3199A2F40E4750200036567F /* icns-paste */ = {
			isa = PBXNativeTarget;
			buildConfigurationList = 3199A2FC0E4750200036567F /* Build configuration list for PBXNativeTarget "icns-paste" */;
			buildPhases = (
				3199A2F50E4750200036567F /* Sources */,
				3199A2F80E4750200036567F /* Frameworks */,
				3199A2FA0E4750200036567F /* CopyFiles */,
			);
			buildRules = (
			);
			dependencies = (
			);
			name = "icns-paste";
			productInstallPath = "$(HOME)/bin";
			productName = "icns-pasteboard";
			productReference = 3199A2FF0E4750200036567F /* icns-paste */;
			productType = "com.apple.product-type.tool";
		};
		8DD76F960486AA7600D96B5E /* icns-copy */ = {
			isa = PBXNativeTarget;
			buildConfigurationList = 1DEB927408733DD40010E9CD /* Build configuration list for PBXNativeTarget "icns-copy" */;
			buildPhases = (
				8DD76F990486AA7600D96B5E /* Sources */,
				8DD76F9B0486AA7600D96B5E /* Frameworks */,
				8DD76F9E0486AA7600D96B5E /* CopyFiles */,
			);
			buildRules = (
			);
			dependencies = (
			);
			name = "icns-copy";
			productInstallPath = "$(HOME)/bin";
			productName = "icns-pasteboard";
			productReference = 8DD76FA10486AA7600D96B5E /* icns-copy */;
			productType = "com.apple.product-type.tool";
		};
/* End PBXNativeTarget section */

/* Begin PBXProject section */
		08FB7793FE84155DC02AAC07 /* Project object */ = {
			isa = PBXProject;
			buildConfigurationList = 1DEB927808733DD40010E9CD /* Build configuration list for PBXProject "icns-pasteboard" */;
			compatibilityVersion = "Xcode 3.1";
			hasScannedForEncodings = 1;
			mainGroup = 08FB7794FE84155DC02AAC07 /* icns-pasteboard */;
			projectDirPath = "";
			projectRoot = "";
			targets = (
				8DD76F960486AA7600D96B5E /* icns-copy */,
				3199A2F40E4750200036567F /* icns-paste */,
			);
		};
/* End PBXProject section */

/* Begin PBXSourcesBuildPhase section */
		3199A2F50E4750200036567F /* Sources */ = {
			isa = PBXSourcesBuildPhase;
			buildActionMask = 2147483647;
			files = (
				3199A2F60E4750200036567F /* IconFamily.m in Sources */,
				3199A2F70E4750200036567F /* NSString+CarbonFSRefCreation.m in Sources */,
				3199A3040E4750330036567F /* icns-paste.m in Sources */,
			);
			runOnlyForDeploymentPostprocessing = 0;
		};
		8DD76F990486AA7600D96B5E /* Sources */ = {
			isa = PBXSourcesBuildPhase;
			buildActionMask = 2147483647;
			files = (
				3199A2E90E474FCB0036567F /* IconFamily.m in Sources */,
				3199A2EC0E474FD40036567F /* NSString+CarbonFSRefCreation.m in Sources */,
				3199A3020E47502C0036567F /* icns-copy.m in Sources */,
			);
			runOnlyForDeploymentPostprocessing = 0;
		};
/* End PBXSourcesBuildPhase section */

/* Begin XCBuildConfiguration section */
		1DEB927508733DD40010E9CD /* Debug */ = {
			isa = XCBuildConfiguration;
			buildSettings = {
				ALWAYS_SEARCH_USER_PATHS = NO;
				COPY_PHASE_STRIP = NO;
				GCC_DYNAMIC_NO_PIC = NO;
				GCC_ENABLE_FIX_AND_CONTINUE = YES;
				GCC_MODEL_TUNING = G5;
				GCC_OPTIMIZATION_LEVEL = 0;
				GCC_PRECOMPILE_PREFIX_HEADER = YES;
				GCC_PREFIX_HEADER = "icns-pasteboard_Prefix.pch";
				INSTALL_PATH = /usr/local/bin;
				PRODUCT_NAME = "icns-copy";
			};
			name = Debug;
		};
		1DEB927608733DD40010E9CD /* Release */ = {
			isa = XCBuildConfiguration;
			buildSettings = {
				ALWAYS_SEARCH_USER_PATHS = NO;
				DEBUG_INFORMATION_FORMAT = "dwarf-with-dsym";
				GCC_MODEL_TUNING = G5;
				GCC_PRECOMPILE_PREFIX_HEADER = YES;
				GCC_PREFIX_HEADER = "icns-pasteboard_Prefix.pch";
				INSTALL_PATH = /usr/local/bin;
				PRODUCT_NAME = "icns-copy";
			};
			name = Release;
		};
		1DEB927908733DD40010E9CD /* Debug */ = {
			isa = XCBuildConfiguration;
			buildSettings = {
				ARCHS = "$(ARCHS_STANDARD_32_BIT)";
				GCC_C_LANGUAGE_STANDARD = c99;
				GCC_OPTIMIZATION_LEVEL = 0;
				GCC_VERSION = 4.0;
				GCC_WARN_ABOUT_RETURN_TYPE = YES;
				GCC_WARN_UNUSED_VARIABLE = YES;
				ONLY_ACTIVE_ARCH = YES;
				PREBINDING = NO;
				SDKROOT = macosx10.4;
			};
			name = Debug;
		};
		1DEB927A08733DD40010E9CD /* Release */ = {
			isa = XCBuildConfiguration;
			buildSettings = {
				ARCHS = "$(ARCHS_STANDARD_32_BIT)";
				GCC_C_LANGUAGE_STANDARD = c99;
				GCC_VERSION = 4.0;
				GCC_WARN_ABOUT_RETURN_TYPE = YES;
				GCC_WARN_UNUSED_VARIABLE = YES;
				PREBINDING = NO;
				SDKROOT = macosx10.4;
			};
			name = Release;
		};
		3199A2FD0E4750200036567F /* Debug */ = {
			isa = XCBuildConfiguration;
			buildSettings = {
				ALWAYS_SEARCH_USER_PATHS = NO;
				COPY_PHASE_STRIP = NO;
				GCC_DYNAMIC_NO_PIC = NO;
				GCC_ENABLE_FIX_AND_CONTINUE = YES;
				GCC_MODEL_TUNING = G5;
				GCC_OPTIMIZATION_LEVEL = 0;
				GCC_PRECOMPILE_PREFIX_HEADER = YES;
				GCC_PREFIX_HEADER = "icns-pasteboard_Prefix.pch";
				INSTALL_PATH = /usr/local/bin;
				PRODUCT_NAME = "icns-paste";
			};
			name = Debug;
		};
		3199A2FE0E4750200036567F /* Release */ = {
			isa = XCBuildConfiguration;
			buildSettings = {
				ALWAYS_SEARCH_USER_PATHS = NO;
				DEBUG_INFORMATION_FORMAT = "dwarf-with-dsym";
				GCC_MODEL_TUNING = G5;
				GCC_PRECOMPILE_PREFIX_HEADER = YES;
				GCC_PREFIX_HEADER = "icns-pasteboard_Prefix.pch";
				INSTALL_PATH = /usr/local/bin;
				PRODUCT_NAME = "icns-paste";
			};
			name = Release;
		};
/* End XCBuildConfiguration section */

/* Begin XCConfigurationList section */
		1DEB927408733DD40010E9CD /* Build configuration list for PBXNativeTarget "icns-copy" */ = {
			isa = XCConfigurationList;
			buildConfigurations = (
				1DEB927508733DD40010E9CD /* Debug */,
				1DEB927608733DD40010E9CD /* Release */,
			);
			defaultConfigurationIsVisible = 0;
			defaultConfigurationName = Release;
		};
		1DEB927808733DD40010E9CD /* Build configuration list for PBXProject "icns-pasteboard" */ = {
			isa = XCConfigurationList;
			buildConfigurations = (
				1DEB927908733DD40010E9CD /* Debug */,
				1DEB927A08733DD40010E9CD /* Release */,
			);
			defaultConfigurationIsVisible = 0;
			defaultConfigurationName = Release;
		};
		3199A2FC0E4750200036567F /* Build configuration list for PBXNativeTarget "icns-paste" */ = {
			isa = XCConfigurationList;
			buildConfigurations = (
				3199A2FD0E4750200036567F /* Debug */,
				3199A2FE0E4750200036567F /* Release */,
			);
			defaultConfigurationIsVisible = 0;
			defaultConfigurationName = Release;
		};
/* End XCConfigurationList section */
	};
	rootObject = 08FB7793FE84155DC02AAC07 /* Project object */;
}
